
Microsoft Visual Studio Solution File, Format Version 12.00
# Visual Studio Version 16
VisualStudioVersion = 16.0.28803.916
MinimumVisualStudioVersion = 10.0.40219.1
Project("{9A19103F-16F7-4668-BE54-9A1E7A4F7556}") = "WebApplication5", "WebApplication5.csproj", "{C8105745-A8AE-43F5-B376-6A04B6FE086D}"
EndProject
Global
	GlobalSection(SolutionConfigurationPlatforms) = preSolution
		Debug|Any CPU = Debug|Any CPU
		Release|Any CPU = Release|Any CPU
	EndGlobalSection
	GlobalSection(ProjectConfigurationPlatforms) = postSolution
		{C8105745-A8AE-43F5-B376-6A04B6FE086D}.Debug|Any CPU.ActiveCfg = Debug|Any CPU
		{C8105745-A8AE-43F5-B376-6A04B6FE086D}.Debug|Any CPU.Build.0 = Debug|Any CPU
		{C8105745-A8AE-43F5-B376-6A04B6FE086D}.Release|Any CPU.ActiveCfg = Release|Any CPU
		{C8105745-A8AE-43F5-B376-6A04B6FE086D}.Release|Any CPU.Build.0 = Release|Any CPU
	EndGlobalSection
	GlobalSection(SolutionProperties) = preSolution
		HideSolutionNode = FALSE
	EndGlobalSection
	GlobalSection(ExtensibilityGlobals) = postSolution
		SolutionGuid = {BDE538DE-1F2A-4C0A-8ABF-DF95227580C6}
	EndGlobalSection
EndGlobal
